
Microsoft Visual Studio Solution File, Format Version 12.00
# Visual Studio Version 17
VisualStudioVersion = 17.3.32825.248
MinimumVisualStudioVersion = 10.0.40219.1
Project("{FAE04EC0-301F-11D3-BF4B-00C04F79EFBC}") = "VariableExercise1", "VariableExercise1\VariableExercise1.csproj", "{9286BCFF-056E-447E-B544-AC8C7F77BD37}"
EndProject
Global
	GlobalSection(SolutionConfigurationPlatforms) = preSolution
		Debug|Any CPU = Debug|Any CPU
		Release|Any CPU = Release|Any CPU
	EndGlobalSection
	GlobalSection(ProjectConfigurationPlatforms) = postSolution
		{9286BCFF-056E-447E-B544-AC8C7F77BD37}.Debug|Any CPU.ActiveCfg = Debug|Any CPU
		{9286BCFF-056E-447E-B544-AC8C7F77BD37}.Debug|Any CPU.Build.0 = Debug|Any CPU
		{9286BCFF-056E-447E-B544-AC8C7F77BD37}.Release|Any CPU.ActiveCfg = Release|Any CPU
		{9286BCFF-056E-447E-B544-AC8C7F77BD37}.Release|Any CPU.Build.0 = Release|Any CPU
	EndGlobalSection
	GlobalSection(SolutionProperties) = preSolution
		HideSolutionNode = FALSE
	EndGlobalSection
	GlobalSection(ExtensibilityGlobals) = postSolution
		SolutionGuid = {4CBA2D30-37CC-4273-B47D-29B83D6D579C}
	EndGlobalSection
EndGlobal
